// !$*UTF8*$!
{
	archiveVersion = 1;
	classes = {
	};
	objectVersion = 50;
	objects = {

/* Begin PBXBuildFile section */
		7DD9BE7A220DEA8800F0114C /* AppDelegate.swift in Sources */ = {isa = PBXBuildFile; fileRef = 7DD9BE79220DEA8800F0114C /* AppDelegate.swift */; };
		7DD9BE7C220DEA8800F0114C /* ViewController.swift in Sources */ = {isa = PBXBuildFile; fileRef = 7DD9BE7B220DEA8800F0114C /* ViewController.swift */; };
		7DD9BE7F220DEA8800F0114C /* Main.storyboard in Resources */ = {isa = PBXBuildFile; fileRef = 7DD9BE7D220DEA8800F0114C /* Main.storyboard */; };
		7DD9BE81220DEA8A00F0114C /* Assets.xcassets in Resources */ = {isa = PBXBuildFile; fileRef = 7DD9BE80220DEA8A00F0114C /* Assets.xcassets */; };
		7DD9BE84220DEA8A00F0114C /* LaunchScreen.storyboard in Resources */ = {isa = PBXBuildFile; fileRef = 7DD9BE82220DEA8A00F0114C /* LaunchScreen.storyboard */; };
		7DDF5AC6220DF817008A7BFC /* PersonCell.swift in Sources */ = {isa = PBXBuildFile; fileRef = 7DDF5AC5220DF817008A7BFC /* PersonCell.swift */; };
		7DDF5AC8220E1A95008A7BFC /* Person.swift in Sources */ = {isa = PBXBuildFile; fileRef = 7DDF5AC7220E1A95008A7BFC /* Person.swift */; };
/* End PBXBuildFile section */

/* Begin PBXFileReference section */
		7DD9BE76220DEA8800F0114C /* Names To Faces.app */ = {isa = PBXFileReference; explicitFileType = wrapper.application; includeInIndex = 0; path = "Names To Faces.app"; sourceTree = BUILT_PRODUCTS_DIR; };
		7DD9BE79220DEA8800F0114C /* AppDelegate.swift */ = {isa = PBXFileReference; lastKnownFileType = sourcecode.swift; path = AppDelegate.swift; sourceTree = "<group>"; };
		7DD9BE7B220DEA8800F0114C /* ViewController.swift */ = {isa = PBXFileReference; lastKnownFileType = sourcecode.swift; path = ViewController.swift; sourceTree = "<group>"; };
		7DD9BE7E220DEA8800F0114C /* Base */ = {isa = PBXFileReference; lastKnownFileType = file.storyboard; name = Base; path = Base.lproj/Main.storyboard; sourceTree = "<group>"; };
		7DD9BE80220DEA8A00F0114C /* Assets.xcassets */ = {isa = PBXFileReference; lastKnownFileType = folder.assetcatalog; path = Assets.xcassets; sourceTree = "<group>"; };
		7DD9BE83220DEA8A00F0114C /* Base */ = {isa = PBXFileReference; lastKnownFileType = file.storyboard; name = Base; path = Base.lproj/LaunchScreen.storyboard; sourceTree = "<group>"; };
		7DD9BE85220DEA8A00F0114C /* Info.plist */ = {isa = PBXFileReference; lastKnownFileType = text.plist.xml; path = Info.plist; sourceTree = "<group>"; };
		7DDF5AC5220DF817008A7BFC /* PersonCell.swift */ = {isa = PBXFileReference; lastKnownFileType = sourcecode.swift; path = PersonCell.swift; sourceTree = "<group>"; };
		7DDF5AC7220E1A95008A7BFC /* Person.swift */ = {isa = PBXFileReference; lastKnownFileType = sourcecode.swift; path = Person.swift; sourceTree = "<group>"; };
/* End PBXFileReference section */

/* Begin PBXFrameworksBuildPhase section */
		7DD9BE73220DEA8800F0114C /* Frameworks */ = {
			isa = PBXFrameworksBuildPhase;
			buildActionMask = 2147483647;
			files = (
			);
			runOnlyForDeploymentPostprocessing = 0;
		};
/* End PBXFrameworksBuildPhase section */

/* Begin PBXGroup section */
		7DD9BE6D220DEA8800F0114C = {
			isa = PBXGroup;
			children = (
				7DD9BE78220DEA8800F0114C /* Names To Faces */,
				7DD9BE77220DEA8800F0114C /* Products */,
			);
			sourceTree = "<group>";
		};
		7DD9BE77220DEA8800F0114C /* Products */ = {
			isa = PBXGroup;
			children = (
				7DD9BE76220DEA8800F0114C /* Names To Faces.app */,
			);
			name = Products;
			sourceTree = "<group>";
		};
		7DD9BE78220DEA8800F0114C /* Names To Faces */ = {
			isa = PBXGroup;
			children = (
				7DDF5ACB220E59CD008A7BFC /* Model */,
				7DDF5ACA220E59AC008A7BFC /* View */,
				7DDF5AC9220E59A0008A7BFC /* Controller */,
				7DDF5ACC220E5A04008A7BFC /* App Delegate */,
				7DDF5ACD220E5A1C008A7BFC /* Storyboards */,
				7DDF5ACE220E5B17008A7BFC /* Resources */,
				7DD9BE85220DEA8A00F0114C /* Info.plist */,
			);
			path = "Names To Faces";
			sourceTree = "<group>";
		};
		7DDF5AC9220E59A0008A7BFC /* Controller */ = {
			isa = PBXGroup;
			children = (
				7DD9BE7B220DEA8800F0114C /* ViewController.swift */,
			);
			path = Controller;
			sourceTree = "<group>";
		};
		7DDF5ACA220E59AC008A7BFC /* View */ = {
			isa = PBXGroup;
			children = (
			);
			path = View;
			sourceTree = "<group>";
		};
		7DDF5ACB220E59CD008A7BFC /* Model */ = {
			isa = PBXGroup;
			children = (
				7DDF5AC7220E1A95008A7BFC /* Person.swift */,
				7DDF5AC5220DF817008A7BFC /* PersonCell.swift */,
			);
			path = Model;
			sourceTree = "<group>";
		};
		7DDF5ACC220E5A04008A7BFC /* App Delegate */ = {
			isa = PBXGroup;
			children = (
				7DD9BE79220DEA8800F0114C /* AppDelegate.swift */,
			);
			path = "App Delegate";
			sourceTree = "<group>";
		};
		7DDF5ACD220E5A1C008A7BFC /* Storyboards */ = {
			isa = PBXGroup;
			children = (
				7DD9BE7D220DEA8800F0114C /* Main.storyboard */,
				7DD9BE82220DEA8A00F0114C /* LaunchScreen.storyboard */,
			);
			path = Storyboards;
			sourceTree = "<group>";
		};
		7DDF5ACE220E5B17008A7BFC /* Resources */ = {
			isa = PBXGroup;
			children = (
				7DD9BE80220DEA8A00F0114C /* Assets.xcassets */,
			);
			path = Resources;
			sourceTree = "<group>";
		};
/* End PBXGroup section */

/* Begin PBXNativeTarget section */
		7DD9BE75220DEA8800F0114C /* Names To Faces */ = {
			isa = PBXNativeTarget;
			buildConfigurationList = 7DD9BE88220DEA8A00F0114C /* Build configuration list for PBXNativeTarget "Names To Faces" */;
			buildPhases = (
				7DD9BE72220DEA8800F0114C /* Sources */,
				7DD9BE73220DEA8800F0114C /* Frameworks */,
				7DD9BE74220DEA8800F0114C /* Resources */,
			);
			buildRules = (
			);
			dependencies = (
			);
			name = "Names To Faces";
			productName = "Names To Faces";
			productReference = 7DD9BE76220DEA8800F0114C /* Names To Faces.app */;
			productType = "com.apple.product-type.application";
		};
/* End PBXNativeTarget section */

/* Begin PBXProject section */
		7DD9BE6E220DEA8800F0114C /* Project object */ = {
			isa = PBXProject;
			attributes = {
				LastSwiftUpdateCheck = 1010;
				LastUpgradeCheck = 1010;
				ORGANIZATIONNAME = "Nikita Seliverstov ";
				TargetAttributes = {
					7DD9BE75220DEA8800F0114C = {
						CreatedOnToolsVersion = 10.1;
					};
				};
			};
			buildConfigurationList = 7DD9BE71220DEA8800F0114C /* Build configuration list for PBXProject "Names To Faces" */;
			compatibilityVersion = "Xcode 9.3";
			developmentRegion = en;
			hasScannedForEncodings = 0;
			knownRegions = (
				en,
				Base,
			);
			mainGroup = 7DD9BE6D220DEA8800F0114C;
			productRefGroup = 7DD9BE77220DEA8800F0114C /* Products */;
			projectDirPath = "";
			projectRoot = "";
			targets = (
				7DD9BE75220DEA8800F0114C /* Names To Faces */,
			);
		};
/* End PBXProject section */

/* Begin PBXResourcesBuildPhase section */
		7DD9BE74220DEA8800F0114C /* Resources */ = {
			isa = PBXResourcesBuildPhase;
			buildActionMask = 2147483647;
			files = (
				7DD9BE84220DEA8A00F0114C /* LaunchScreen.storyboard in Resources */,
				7DD9BE81220DEA8A00F0114C /* Assets.xcassets in Resources */,
				7DD9BE7F220DEA8800F0114C /* Main.storyboard in Resources */,
			);
			runOnlyForDeploymentPostprocessing = 0;
		};
/* End PBXResourcesBuildPhase section */

/* Begin PBXSourcesBuildPhase section */
		7DD9BE72220DEA8800F0114C /* Sources */ = {
			isa = PBXSourcesBuildPhase;
			buildActionMask = 2147483647;
			files = (
				7DDF5AC6220DF817008A7BFC /* PersonCell.swift in Sources */,
				7DD9BE7C220DEA8800F0114C /* ViewController.swift in Sources */,
				7DDF5AC8220E1A95008A7BFC /* Person.swift in Sources */,
				7DD9BE7A220DEA8800F0114C /* AppDelegate.swift in Sources */,
			);
			runOnlyForDeploymentPostprocessing = 0;
		};
/* End PBXSourcesBuildPhase section */

/* Begin PBXVariantGroup section */
		7DD9BE7D220DEA8800F0114C /* Main.storyboard */ = {
			isa = PBXVariantGroup;
			children = (
				7DD9BE7E220DEA8800F0114C /* Base */,
			);
			name = Main.storyboard;
			sourceTree = "<group>";
		};
		7DD9BE82220DEA8A00F0114C /* LaunchScreen.storyboard */ = {
			isa = PBXVariantGroup;
			children = (
				7DD9BE83220DEA8A00F0114C /* Base */,
			);
			name = LaunchScreen.storyboard;
			sourceTree = "<group>";
		};
/* End PBXVariantGroup section */

/* Begin XCBuildConfiguration section */
		7DD9BE86220DEA8A00F0114C /* Debug */ = {
			isa = XCBuildConfiguration;
			buildSettings = {
				ALWAYS_SEARCH_USER_PATHS = NO;
				CLANG_ANALYZER_NONNULL = YES;
				CLANG_ANALYZER_NUMBER_OBJECT_CONVERSION = YES_AGGRESSIVE;
				CLANG_CXX_LANGUAGE_STANDARD = "gnu++14";
				CLANG_CXX_LIBRARY = "libc++";
				CLANG_ENABLE_MODULES = YES;
				CLANG_ENABLE_OBJC_ARC = YES;
				CLANG_ENABLE_OBJC_WEAK = YES;
				CLANG_WARN_BLOCK_CAPTURE_AUTORELEASING = YES;
				CLANG_WARN_BOOL_CONVERSION = YES;
				CLANG_WARN_COMMA = YES;
				CLANG_WARN_CONSTANT_CONVERSION = YES;
				CLANG_WARN_DEPRECATED_OBJC_IMPLEMENTATIONS = YES;
				CLANG_WARN_DIRECT_OBJC_ISA_USAGE = YES_ERROR;
				CLANG_WARN_DOCUMENTATION_COMMENTS = YES;
				CLANG_WARN_EMPTY_BODY = YES;
				CLANG_WARN_ENUM_CONVERSION = YES;
				CLANG_WARN_INFINITE_RECURSION = YES;
				CLANG_WARN_INT_CONVERSION = YES;
				CLANG_WARN_NON_LITERAL_NULL_CONVERSION = YES;
				CLANG_WARN_OBJC_IMPLICIT_RETAIN_SELF = YES;
				CLANG_WARN_OBJC_LITERAL_CONVERSION = YES;
				CLANG_WARN_OBJC_ROOT_CLASS = YES_ERROR;
				CLANG_WARN_RANGE_LOOP_ANALYSIS = YES;
				CLANG_WARN_STRICT_PROTOTYPES = YES;
				CLANG_WARN_SUSPICIOUS_MOVE = YES;
				CLANG_WARN_UNGUARDED_AVAILABILITY = YES_AGGRESSIVE;
				CLANG_WARN_UNREACHABLE_CODE = YES;
				CLANG_WARN__DUPLICATE_METHOD_MATCH = YES;
				CODE_SIGN_IDENTITY = "iPhone Developer";
				COPY_PHASE_STRIP = NO;
				DEBUG_INFORMATION_FORMAT = dwarf;
				ENABLE_STRICT_OBJC_MSGSEND = YES;
				ENABLE_TESTABILITY = YES;
				GCC_C_LANGUAGE_STANDARD = gnu11;
				GCC_DYNAMIC_NO_PIC = NO;
				GCC_NO_COMMON_BLOCKS = YES;
				GCC_OPTIMIZATION_LEVEL = 0;
				GCC_PREPROCESSOR_DEFINITIONS = (
					"DEBUG=1",
					"$(inherited)",
				);
				GCC_WARN_64_TO_32_BIT_CONVERSION = YES;
				GCC_WARN_ABOUT_RETURN_TYPE = YES_ERROR;
				GCC_WARN_UNDECLARED_SELECTOR = YES;
				GCC_WARN_UNINITIALIZED_AUTOS = YES_AGGRESSIVE;
				GCC_WARN_UNUSED_FUNCTION = YES;
				GCC_WARN_UNUSED_VARIABLE = YES;
				IPHONEOS_DEPLOYMENT_TARGET = 12.1;
				MTL_ENABLE_DEBUG_INFO = INCLUDE_SOURCE;
				MTL_FAST_MATH = YES;
				ONLY_ACTIVE_ARCH = YES;
				SDKROOT = iphoneos;
				SWIFT_ACTIVE_COMPILATION_CONDITIONS = DEBUG;
				SWIFT_OPTIMIZATION_LEVEL = "-Onone";
			};
			name = Debug;
		};
		7DD9BE87220DEA8A00F0114C /* Release */ = {
			isa = XCBuildConfiguration;
			buildSettings = {
				ALWAYS_SEARCH_USER_PATHS = NO;
				CLANG_ANALYZER_NONNULL = YES;
				CLANG_ANALYZER_NUMBER_OBJECT_CONVERSION = YES_AGGRESSIVE;
				CLANG_CXX_LANGUAGE_STANDARD = "gnu++14";
				CLANG_CXX_LIBRARY = "libc++";
				CLANG_ENABLE_MODULES = YES;
				CLANG_ENABLE_OBJC_ARC = YES;
				CLANG_ENABLE_OBJC_WEAK = YES;
				CLANG_WARN_BLOCK_CAPTURE_AUTORELEASING = YES;
				CLANG_WARN_BOOL_CONVERSION = YES;
				CLANG_WARN_COMMA = YES;
				CLANG_WARN_CONSTANT_CONVERSION = YES;
				CLANG_WARN_DEPRECATED_OBJC_IMPLEMENTATIONS = YES;
				CLANG_WARN_DIRECT_OBJC_ISA_USAGE = YES_ERROR;
				CLANG_WARN_DOCUMENTATION_COMMENTS = YES;
				CLANG_WARN_EMPTY_BODY = YES;
				CLANG_WARN_ENUM_CONVERSION = YES;
				CLANG_WARN_INFINITE_RECURSION = YES;
				CLANG_WARN_INT_CONVERSION = YES;
				CLANG_WARN_NON_LITERAL_NULL_CONVERSION = YES;
				CLANG_WARN_OBJC_IMPLICIT_RETAIN_SELF = YES;
				CLANG_WARN_OBJC_LITERAL_CONVERSION = YES;
				CLANG_WARN_OBJC_ROOT_CLASS = YES_ERROR;
				CLANG_WARN_RANGE_LOOP_ANALYSIS = YES;
				CLANG_WARN_STRICT_PROTOTYPES = YES;
				CLANG_WARN_SUSPICIOUS_MOVE = YES;
				CLANG_WARN_UNGUARDED_AVAILABILITY = YES_AGGRESSIVE;
				CLANG_WARN_UNREACHABLE_CODE = YES;
				CLANG_WARN__DUPLICATE_METHOD_MATCH = YES;
				CODE_SIGN_IDENTITY = "iPhone Developer";
				COPY_PHASE_STRIP = NO;
				DEBUG_INFORMATION_FORMAT = "dwarf-with-dsym";
				ENABLE_NS_ASSERTIONS = NO;
				ENABLE_STRICT_OBJC_MSGSEND = YES;
				GCC_C_LANGUAGE_STANDARD = gnu11;
				GCC_NO_COMMON_BLOCKS = YES;
				GCC_WARN_64_TO_32_BIT_CONVERSION = YES;
				GCC_WARN_ABOUT_RETURN_TYPE = YES_ERROR;
				GCC_WARN_UNDECLARED_SELECTOR = YES;
				GCC_WARN_UNINITIALIZED_AUTOS = YES_AGGRESSIVE;
				GCC_WARN_UNUSED_FUNCTION = YES;
				GCC_WARN_UNUSED_VARIABLE = YES;
				IPHONEOS_DEPLOYMENT_TARGET = 12.1;
				MTL_ENABLE_DEBUG_INFO = NO;
				MTL_FAST_MATH = YES;
				SDKROOT = iphoneos;
				SWIFT_COMPILATION_MODE = wholemodule;
				SWIFT_OPTIMIZATION_LEVEL = "-O";
				VALIDATE_PRODUCT = YES;
			};
			name = Release;
		};
		7DD9BE89220DEA8A00F0114C /* Debug */ = {
			isa = XCBuildConfiguration;
			buildSettings = {
				ASSETCATALOG_COMPILER_APPICON_NAME = AppIcon;
				CODE_SIGN_STYLE = Automatic;
				DEVELOPMENT_TEAM = 5799BJQ5U6;
				INFOPLIST_FILE = "Names To Faces/Info.plist";
				LD_RUNPATH_SEARCH_PATHS = (
					"$(inherited)",
					"@executable_path/Frameworks",
				);
				PRODUCT_BUNDLE_IDENTIFIER = "nikita.Names-To-Faces";
				PRODUCT_NAME = "$(TARGET_NAME)";
				SWIFT_VERSION = 4.2;
				TARGETED_DEVICE_FAMILY = "1,2";
			};
			name = Debug;
		};
		7DD9BE8A220DEA8A00F0114C /* Release */ = {
			isa = XCBuildConfiguration;
			buildSettings = {
				ASSETCATALOG_COMPILER_APPICON_NAME = AppIcon;
				CODE_SIGN_STYLE = Automatic;
				DEVELOPMENT_TEAM = 5799BJQ5U6;
				INFOPLIST_FILE = "Names To Faces/Info.plist";
				LD_RUNPATH_SEARCH_PATHS = (
					"$(inherited)",
					"@executable_path/Frameworks",
				);
				PRODUCT_BUNDLE_IDENTIFIER = "nikita.Names-To-Faces";
				PRODUCT_NAME = "$(TARGET_NAME)";
				SWIFT_VERSION = 4.2;
				TARGETED_DEVICE_FAMILY = "1,2";
			};
			name = Release;
		};
/* End XCBuildConfiguration section */

/* Begin XCConfigurationList section */
		7DD9BE71220DEA8800F0114C /* Build configuration list for PBXProject "Names To Faces" */ = {
			isa = XCConfigurationList;
			buildConfigurations = (
				7DD9BE86220DEA8A00F0114C /* Debug */,
				7DD9BE87220DEA8A00F0114C /* Release */,
			);
			defaultConfigurationIsVisible = 0;
			defaultConfigurationName = Release;
		};
		7DD9BE88220DEA8A00F0114C /* Build configuration list for PBXNativeTarget "Names To Faces" */ = {
			isa = XCConfigurationList;
			buildConfigurations = (
				7DD9BE89220DEA8A00F0114C /* Debug */,
				7DD9BE8A220DEA8A00F0114C /* Release */,
			);
			defaultConfigurationIsVisible = 0;
			defaultConfigurationName = Release;
		};
/* End XCConfigurationList section */
	};
	rootObject = 7DD9BE6E220DEA8800F0114C /* Project object */;
}
